
Microsoft Visual Studio Solution File, Format Version 12.00
# Visual Studio Version 17
VisualStudioVersion = 17.9.34607.119
MinimumVisualStudioVersion = 10.0.40219.1
Project("{FAE04EC0-301F-11D3-BF4B-00C04F79EFBC}") = "Notas.Android", "Notas\Notas.Android\Notas.Android.csproj", "{E0B36A65-F9BF-4D18-809C-52415E4FA778}"
EndProject
Project("{FAE04EC0-301F-11D3-BF4B-00C04F79EFBC}") = "Notas.iOS", "Notas\Notas.iOS\Notas.iOS.csproj", "{3E5A73B4-6709-4156-B883-FEF1C86FD478}"
EndProject
Project("{FAE04EC0-301F-11D3-BF4B-00C04F79EFBC}") = "Notas", "Notas\Notas\Notas.csproj", "{F39E1FE6-7B58-458A-A6CC-9D2390FB2F62}"
EndProject
Global
	GlobalSection(SolutionConfigurationPlatforms) = preSolution
		Debug|Any CPU = Debug|Any CPU
		Debug|iPhone = Debug|iPhone
		Debug|iPhoneSimulator = Debug|iPhoneSimulator
		Release|Any CPU = Release|Any CPU
		Release|iPhone = Release|iPhone
		Release|iPhoneSimulator = Release|iPhoneSimulator
	EndGlobalSection
	GlobalSection(ProjectConfigurationPlatforms) = postSolution
		{E0B36A65-F9BF-4D18-809C-52415E4FA778}.Debug|Any CPU.ActiveCfg = Debug|Any CPU
		{E0B36A65-F9BF-4D18-809C-52415E4FA778}.Debug|Any CPU.Build.0 = Debug|Any CPU
		{E0B36A65-F9BF-4D18-809C-52415E4FA778}.Debug|Any CPU.Deploy.0 = Debug|Any CPU
		{E0B36A65-F9BF-4D18-809C-52415E4FA778}.Debug|iPhone.ActiveCfg = Debug|Any CPU
		{E0B36A65-F9BF-4D18-809C-52415E4FA778}.Debug|iPhone.Build.0 = Debug|Any CPU
		{E0B36A65-F9BF-4D18-809C-52415E4FA778}.Debug|iPhone.Deploy.0 = Debug|Any CPU
		{E0B36A65-F9BF-4D18-809C-52415E4FA778}.Debug|iPhoneSimulator.ActiveCfg = Debug|Any CPU
		{E0B36A65-F9BF-4D18-809C-52415E4FA778}.Debug|iPhoneSimulator.Build.0 = Debug|Any CPU
		{E0B36A65-F9BF-4D18-809C-52415E4FA778}.Debug|iPhoneSimulator.Deploy.0 = Debug|Any CPU
		{E0B36A65-F9BF-4D18-809C-52415E4FA778}.Release|Any CPU.ActiveCfg = Release|Any CPU
		{E0B36A65-F9BF-4D18-809C-52415E4FA778}.Release|Any CPU.Build.0 = Release|Any CPU
		{E0B36A65-F9BF-4D18-809C-52415E4FA778}.Release|Any CPU.Deploy.0 = Release|Any CPU
		{E0B36A65-F9BF-4D18-809C-52415E4FA778}.Release|iPhone.ActiveCfg = Release|Any CPU
		{E0B36A65-F9BF-4D18-809C-52415E4FA778}.Release|iPhone.Build.0 = Release|Any CPU
		{E0B36A65-F9BF-4D18-809C-52415E4FA778}.Release|iPhone.Deploy.0 = Release|Any CPU
		{E0B36A65-F9BF-4D18-809C-52415E4FA778}.Release|iPhoneSimulator.ActiveCfg = Release|Any CPU
		{E0B36A65-F9BF-4D18-809C-52415E4FA778}.Release|iPhoneSimulator.Build.0 = Release|Any CPU
		{E0B36A65-F9BF-4D18-809C-52415E4FA778}.Release|iPhoneSimulator.Deploy.0 = Release|Any CPU
		{3E5A73B4-6709-4156-B883-FEF1C86FD478}.Debug|Any CPU.ActiveCfg = Debug|iPhone
		{3E5A73B4-6709-4156-B883-FEF1C86FD478}.Debug|Any CPU.Build.0 = Debug|iPhone
		{3E5A73B4-6709-4156-B883-FEF1C86FD478}.Debug|Any CPU.Deploy.0 = Debug|iPhone
		{3E5A73B4-6709-4156-B883-FEF1C86FD478}.Debug|iPhone.ActiveCfg = Debug|iPhone
		{3E5A73B4-6709-4156-B883-FEF1C86FD478}.Debug|iPhone.Build.0 = Debug|iPhone
		{3E5A73B4-6709-4156-B883-FEF1C86FD478}.Debug|iPhone.Deploy.0 = Debug|iPhone
		{3E5A73B4-6709-4156-B883-FEF1C86FD478}.Debug|iPhoneSimulator.ActiveCfg = Debug|iPhoneSimulator
		{3E5A73B4-6709-4156-B883-FEF1C86FD478}.Debug|iPhoneSimulator.Build.0 = Debug|iPhoneSimulator
		{3E5A73B4-6709-4156-B883-FEF1C86FD478}.Debug|iPhoneSimulator.Deploy.0 = Debug|iPhoneSimulator
		{3E5A73B4-6709-4156-B883-FEF1C86FD478}.Release|Any CPU.ActiveCfg = Release|iPhoneSimulator
		{3E5A73B4-6709-4156-B883-FEF1C86FD478}.Release|Any CPU.Build.0 = Release|iPhoneSimulator
		{3E5A73B4-6709-4156-B883-FEF1C86FD478}.Release|Any CPU.Deploy.0 = Release|iPhoneSimulator
		{3E5A73B4-6709-4156-B883-FEF1C86FD478}.Release|iPhone.ActiveCfg = Release|iPhone
		{3E5A73B4-6709-4156-B883-FEF1C86FD478}.Release|iPhone.Build.0 = Release|iPhone
		{3E5A73B4-6709-4156-B883-FEF1C86FD478}.Release|iPhone.Deploy.0 = Release|iPhone
		{3E5A73B4-6709-4156-B883-FEF1C86FD478}.Release|iPhoneSimulator.ActiveCfg = Release|iPhoneSimulator
		{3E5A73B4-6709-4156-B883-FEF1C86FD478}.Release|iPhoneSimulator.Build.0 = Release|iPhoneSimulator
		{3E5A73B4-6709-4156-B883-FEF1C86FD478}.Release|iPhoneSimulator.Deploy.0 = Release|iPhoneSimulator
		{F39E1FE6-7B58-458A-A6CC-9D2390FB2F62}.Debug|Any CPU.ActiveCfg = Debug|Any CPU
		{F39E1FE6-7B58-458A-A6CC-9D2390FB2F62}.Debug|Any CPU.Build.0 = Debug|Any CPU
		{F39E1FE6-7B58-458A-A6CC-9D2390FB2F62}.Debug|Any CPU.Deploy.0 = Debug|Any CPU
		{F39E1FE6-7B58-458A-A6CC-9D2390FB2F62}.Debug|iPhone.ActiveCfg = Debug|Any CPU
		{F39E1FE6-7B58-458A-A6CC-9D2390FB2F62}.Debug|iPhone.Build.0 = Debug|Any CPU
		{F39E1FE6-7B58-458A-A6CC-9D2390FB2F62}.Debug|iPhone.Deploy.0 = Debug|Any CPU
		{F39E1FE6-7B58-458A-A6CC-9D2390FB2F62}.Debug|iPhoneSimulator.ActiveCfg = Debug|Any CPU
		{F39E1FE6-7B58-458A-A6CC-9D2390FB2F62}.Debug|iPhoneSimulator.Build.0 = Debug|Any CPU
		{F39E1FE6-7B58-458A-A6CC-9D2390FB2F62}.Debug|iPhoneSimulator.Deploy.0 = Debug|Any CPU
		{F39E1FE6-7B58-458A-A6CC-9D2390FB2F62}.Release|Any CPU.ActiveCfg = Release|Any CPU
		{F39E1FE6-7B58-458A-A6CC-9D2390FB2F62}.Release|Any CPU.Build.0 = Release|Any CPU
		{F39E1FE6-7B58-458A-A6CC-9D2390FB2F62}.Release|Any CPU.Deploy.0 = Release|Any CPU
		{F39E1FE6-7B58-458A-A6CC-9D2390FB2F62}.Release|iPhone.ActiveCfg = Release|Any CPU
		{F39E1FE6-7B58-458A-A6CC-9D2390FB2F62}.Release|iPhone.Build.0 = Release|Any CPU
		{F39E1FE6-7B58-458A-A6CC-9D2390FB2F62}.Release|iPhone.Deploy.0 = Release|Any CPU
		{F39E1FE6-7B58-458A-A6CC-9D2390FB2F62}.Release|iPhoneSimulator.ActiveCfg = Release|Any CPU
		{F39E1FE6-7B58-458A-A6CC-9D2390FB2F62}.Release|iPhoneSimulator.Build.0 = Release|Any CPU
		{F39E1FE6-7B58-458A-A6CC-9D2390FB2F62}.Release|iPhoneSimulator.Deploy.0 = Release|Any CPU
	EndGlobalSection
	GlobalSection(SolutionProperties) = preSolution
		HideSolutionNode = FALSE
	EndGlobalSection
	GlobalSection(ExtensibilityGlobals) = postSolution
		SolutionGuid = {D579AA78-62DB-4ACA-8940-D221B8284773}
	EndGlobalSection
EndGlobal
